
Microsoft Visual Studio Solution File, Format Version 12.00
# Visual Studio 15
VisualStudioVersion = 15.0.26730.16
MinimumVisualStudioVersion = 10.0.40219.1
Project("{FAE04EC0-301F-11D3-BF4B-00C04F79EFBC}") = "SimpleBindingFromVM.Android", "SimpleBindingFromVM\SimpleBindingFromVM.Android\SimpleBindingFromVM.Android.csproj", "{03222649-52BA-4480-8034-4A73BB8F5AEB}"
EndProject
Project("{FAE04EC0-301F-11D3-BF4B-00C04F79EFBC}") = "SimpleBindingFromVM", "SimpleBindingFromVM\SimpleBindingFromVM\SimpleBindingFromVM.csproj", "{20E755CD-A455-4AC9-8551-2743D849F49B}"
EndProject
Project("{FAE04EC0-301F-11D3-BF4B-00C04F79EFBC}") = "SimpleBindingFromVM.UWP", "SimpleBindingFromVM\SimpleBindingFromVM.UWP\SimpleBindingFromVM.UWP.csproj", "{003A9A9F-C7EF-4764-BF84-D6D25B418CF8}"
EndProject
Project("{FAE04EC0-301F-11D3-BF4B-00C04F79EFBC}") = "SimpleBindingFromVM.iOS", "SimpleBindingFromVM\SimpleBindingFromVM.iOS\SimpleBindingFromVM.iOS.csproj", "{17C775C2-63DF-4B98-89D1-AB1ACC524539}"
EndProject
Global
	GlobalSection(SolutionConfigurationPlatforms) = preSolution
		Ad-Hoc|Any CPU = Ad-Hoc|Any CPU
		Ad-Hoc|ARM = Ad-Hoc|ARM
		Ad-Hoc|iPhone = Ad-Hoc|iPhone
		Ad-Hoc|iPhoneSimulator = Ad-Hoc|iPhoneSimulator
		Ad-Hoc|x64 = Ad-Hoc|x64
		Ad-Hoc|x86 = Ad-Hoc|x86
		AppStore|Any CPU = AppStore|Any CPU
		AppStore|ARM = AppStore|ARM
		AppStore|iPhone = AppStore|iPhone
		AppStore|iPhoneSimulator = AppStore|iPhoneSimulator
		AppStore|x64 = AppStore|x64
		AppStore|x86 = AppStore|x86
		Debug|Any CPU = Debug|Any CPU
		Debug|ARM = Debug|ARM
		Debug|iPhone = Debug|iPhone
		Debug|iPhoneSimulator = Debug|iPhoneSimulator
		Debug|x64 = Debug|x64
		Debug|x86 = Debug|x86
		Release|Any CPU = Release|Any CPU
		Release|ARM = Release|ARM
		Release|iPhone = Release|iPhone
		Release|iPhoneSimulator = Release|iPhoneSimulator
		Release|x64 = Release|x64
		Release|x86 = Release|x86
	EndGlobalSection
	GlobalSection(ProjectConfigurationPlatforms) = postSolution
		{03222649-52BA-4480-8034-4A73BB8F5AEB}.Ad-Hoc|Any CPU.ActiveCfg = Release|Any CPU
		{03222649-52BA-4480-8034-4A73BB8F5AEB}.Ad-Hoc|Any CPU.Build.0 = Release|Any CPU
		{03222649-52BA-4480-8034-4A73BB8F5AEB}.Ad-Hoc|Any CPU.Deploy.0 = Release|Any CPU
		{03222649-52BA-4480-8034-4A73BB8F5AEB}.Ad-Hoc|ARM.ActiveCfg = Release|Any CPU
		{03222649-52BA-4480-8034-4A73BB8F5AEB}.Ad-Hoc|ARM.Build.0 = Release|Any CPU
		{03222649-52BA-4480-8034-4A73BB8F5AEB}.Ad-Hoc|ARM.Deploy.0 = Release|Any CPU
		{03222649-52BA-4480-8034-4A73BB8F5AEB}.Ad-Hoc|iPhone.ActiveCfg = Release|Any CPU
		{03222649-52BA-4480-8034-4A73BB8F5AEB}.Ad-Hoc|iPhone.Build.0 = Release|Any CPU
		{03222649-52BA-4480-8034-4A73BB8F5AEB}.Ad-Hoc|iPhone.Deploy.0 = Release|Any CPU
		{03222649-52BA-4480-8034-4A73BB8F5AEB}.Ad-Hoc|iPhoneSimulator.ActiveCfg = Release|Any CPU
		{03222649-52BA-4480-8034-4A73BB8F5AEB}.Ad-Hoc|iPhoneSimulator.Build.0 = Release|Any CPU
		{03222649-52BA-4480-8034-4A73BB8F5AEB}.Ad-Hoc|iPhoneSimulator.Deploy.0 = Release|Any CPU
		{03222649-52BA-4480-8034-4A73BB8F5AEB}.Ad-Hoc|x64.ActiveCfg = Release|Any CPU
		{03222649-52BA-4480-8034-4A73BB8F5AEB}.Ad-Hoc|x64.Build.0 = Release|Any CPU
		{03222649-52BA-4480-8034-4A73BB8F5AEB}.Ad-Hoc|x64.Deploy.0 = Release|Any CPU
		{03222649-52BA-4480-8034-4A73BB8F5AEB}.Ad-Hoc|x86.ActiveCfg = Release|Any CPU
		{03222649-52BA-4480-8034-4A73BB8F5AEB}.Ad-Hoc|x86.Build.0 = Release|Any CPU
		{03222649-52BA-4480-8034-4A73BB8F5AEB}.Ad-Hoc|x86.Deploy.0 = Release|Any CPU
		{03222649-52BA-4480-8034-4A73BB8F5AEB}.AppStore|Any CPU.ActiveCfg = Release|Any CPU
		{03222649-52BA-4480-8034-4A73BB8F5AEB}.AppStore|Any CPU.Build.0 = Release|Any CPU
		{03222649-52BA-4480-8034-4A73BB8F5AEB}.AppStore|Any CPU.Deploy.0 = Release|Any CPU
		{03222649-52BA-4480-8034-4A73BB8F5AEB}.AppStore|ARM.ActiveCfg = Release|Any CPU
		{03222649-52BA-4480-8034-4A73BB8F5AEB}.AppStore|ARM.Build.0 = Release|Any CPU
		{03222649-52BA-4480-8034-4A73BB8F5AEB}.AppStore|ARM.Deploy.0 = Release|Any CPU
		{03222649-52BA-4480-8034-4A73BB8F5AEB}.AppStore|iPhone.ActiveCfg = Release|Any CPU
		{03222649-52BA-4480-8034-4A73BB8F5AEB}.AppStore|iPhone.Build.0 = Release|Any CPU
		{03222649-52BA-4480-8034-4A73BB8F5AEB}.AppStore|iPhone.Deploy.0 = Release|Any CPU
		{03222649-52BA-4480-8034-4A73BB8F5AEB}.AppStore|iPhoneSimulator.ActiveCfg = Release|Any CPU
		{03222649-52BA-4480-8034-4A73BB8F5AEB}.AppStore|iPhoneSimulator.Build.0 = Release|Any CPU
		{03222649-52BA-4480-8034-4A73BB8F5AEB}.AppStore|iPhoneSimulator.Deploy.0 = Release|Any CPU
		{03222649-52BA-4480-8034-4A73BB8F5AEB}.AppStore|x64.ActiveCfg = Release|Any CPU
		{03222649-52BA-4480-8034-4A73BB8F5AEB}.AppStore|x64.Build.0 = Release|Any CPU
		{03222649-52BA-4480-8034-4A73BB8F5AEB}.AppStore|x64.Deploy.0 = Release|Any CPU
		{03222649-52BA-4480-8034-4A73BB8F5AEB}.AppStore|x86.ActiveCfg = Release|Any CPU
		{03222649-52BA-4480-8034-4A73BB8F5AEB}.AppStore|x86.Build.0 = Release|Any CPU
		{03222649-52BA-4480-8034-4A73BB8F5AEB}.AppStore|x86.Deploy.0 = Release|Any CPU
		{03222649-52BA-4480-8034-4A73BB8F5AEB}.Debug|Any CPU.ActiveCfg = Debug|Any CPU
		{03222649-52BA-4480-8034-4A73BB8F5AEB}.Debug|Any CPU.Build.0 = Debug|Any CPU
		{03222649-52BA-4480-8034-4A73BB8F5AEB}.Debug|Any CPU.Deploy.0 = Debug|Any CPU
		{03222649-52BA-4480-8034-4A73BB8F5AEB}.Debug|ARM.ActiveCfg = Debug|Any CPU
		{03222649-52BA-4480-8034-4A73BB8F5AEB}.Debug|ARM.Build.0 = Debug|Any CPU
		{03222649-52BA-4480-8034-4A73BB8F5AEB}.Debug|ARM.Deploy.0 = Debug|Any CPU
		{03222649-52BA-4480-8034-4A73BB8F5AEB}.Debug|iPhone.ActiveCfg = Debug|Any CPU
		{03222649-52BA-4480-8034-4A73BB8F5AEB}.Debug|iPhone.Build.0 = Debug|Any CPU
		{03222649-52BA-4480-8034-4A73BB8F5AEB}.Debug|iPhone.Deploy.0 = Debug|Any CPU
		{03222649-52BA-4480-8034-4A73BB8F5AEB}.Debug|iPhoneSimulator.ActiveCfg = Debug|Any CPU
		{03222649-52BA-4480-8034-4A73BB8F5AEB}.Debug|iPhoneSimulator.Build.0 = Debug|Any CPU
		{03222649-52BA-4480-8034-4A73BB8F5AEB}.Debug|iPhoneSimulator.Deploy.0 = Debug|Any CPU
		{03222649-52BA-4480-8034-4A73BB8F5AEB}.Debug|x64.ActiveCfg = Debug|Any CPU
		{03222649-52BA-4480-8034-4A73BB8F5AEB}.Debug|x64.Build.0 = Debug|Any CPU
		{03222649-52BA-4480-8034-4A73BB8F5AEB}.Debug|x64.Deploy.0 = Debug|Any CPU
		{03222649-52BA-4480-8034-4A73BB8F5AEB}.Debug|x86.ActiveCfg = Debug|Any CPU
		{03222649-52BA-4480-8034-4A73BB8F5AEB}.Debug|x86.Build.0 = Debug|Any CPU
		{03222649-52BA-4480-8034-4A73BB8F5AEB}.Debug|x86.Deploy.0 = Debug|Any CPU
		{03222649-52BA-4480-8034-4A73BB8F5AEB}.Release|Any CPU.ActiveCfg = Release|Any CPU
		{03222649-52BA-4480-8034-4A73BB8F5AEB}.Release|Any CPU.Build.0 = Release|Any CPU
		{03222649-52BA-4480-8034-4A73BB8F5AEB}.Release|Any CPU.Deploy.0 = Release|Any CPU
		{03222649-52BA-4480-8034-4A73BB8F5AEB}.Release|ARM.ActiveCfg = Release|Any CPU
		{03222649-52BA-4480-8034-4A73BB8F5AEB}.Release|ARM.Build.0 = Release|Any CPU
		{03222649-52BA-4480-8034-4A73BB8F5AEB}.Release|ARM.Deploy.0 = Release|Any CPU
		{03222649-52BA-4480-8034-4A73BB8F5AEB}.Release|iPhone.ActiveCfg = Release|Any CPU
		{03222649-52BA-4480-8034-4A73BB8F5AEB}.Release|iPhone.Build.0 = Release|Any CPU
		{03222649-52BA-4480-8034-4A73BB8F5AEB}.Release|iPhone.Deploy.0 = Release|Any CPU
		{03222649-52BA-4480-8034-4A73BB8F5AEB}.Release|iPhoneSimulator.ActiveCfg = Release|Any CPU
		{03222649-52BA-4480-8034-4A73BB8F5AEB}.Release|iPhoneSimulator.Build.0 = Release|Any CPU
		{03222649-52BA-4480-8034-4A73BB8F5AEB}.Release|iPhoneSimulator.Deploy.0 = Release|Any CPU
		{03222649-52BA-4480-8034-4A73BB8F5AEB}.Release|x64.ActiveCfg = Release|Any CPU
		{03222649-52BA-4480-8034-4A73BB8F5AEB}.Release|x64.Build.0 = Release|Any CPU
		{03222649-52BA-4480-8034-4A73BB8F5AEB}.Release|x64.Deploy.0 = Release|Any CPU
		{03222649-52BA-4480-8034-4A73BB8F5AEB}.Release|x86.ActiveCfg = Release|Any CPU
		{03222649-52BA-4480-8034-4A73BB8F5AEB}.Release|x86.Build.0 = Release|Any CPU
		{03222649-52BA-4480-8034-4A73BB8F5AEB}.Release|x86.Deploy.0 = Release|Any CPU
		{20E755CD-A455-4AC9-8551-2743D849F49B}.Ad-Hoc|Any CPU.ActiveCfg = Release|Any CPU
		{20E755CD-A455-4AC9-8551-2743D849F49B}.Ad-Hoc|Any CPU.Build.0 = Release|Any CPU
		{20E755CD-A455-4AC9-8551-2743D849F49B}.Ad-Hoc|ARM.ActiveCfg = Release|Any CPU
		{20E755CD-A455-4AC9-8551-2743D849F49B}.Ad-Hoc|ARM.Build.0 = Release|Any CPU
		{20E755CD-A455-4AC9-8551-2743D849F49B}.Ad-Hoc|iPhone.ActiveCfg = Release|Any CPU
		{20E755CD-A455-4AC9-8551-2743D849F49B}.Ad-Hoc|iPhone.Build.0 = Release|Any CPU
		{20E755CD-A455-4AC9-8551-2743D849F49B}.Ad-Hoc|iPhoneSimulator.ActiveCfg = Release|Any CPU
		{20E755CD-A455-4AC9-8551-2743D849F49B}.Ad-Hoc|iPhoneSimulator.Build.0 = Release|Any CPU
		{20E755CD-A455-4AC9-8551-2743D849F49B}.Ad-Hoc|x64.ActiveCfg = Release|Any CPU
		{20E755CD-A455-4AC9-8551-2743D849F49B}.Ad-Hoc|x64.Build.0 = Release|Any CPU
		{20E755CD-A455-4AC9-8551-2743D849F49B}.Ad-Hoc|x86.ActiveCfg = Release|Any CPU
		{20E755CD-A455-4AC9-8551-2743D849F49B}.Ad-Hoc|x86.Build.0 = Release|Any CPU
		{20E755CD-A455-4AC9-8551-2743D849F49B}.AppStore|Any CPU.ActiveCfg = Release|Any CPU
		{20E755CD-A455-4AC9-8551-2743D849F49B}.AppStore|Any CPU.Build.0 = Release|Any CPU
		{20E755CD-A455-4AC9-8551-2743D849F49B}.AppStore|ARM.ActiveCfg = Release|Any CPU
		{20E755CD-A455-4AC9-8551-2743D849F49B}.AppStore|ARM.Build.0 = Release|Any CPU
		{20E755CD-A455-4AC9-8551-2743D849F49B}.AppStore|iPhone.ActiveCfg = Release|Any CPU
		{20E755CD-A455-4AC9-8551-2743D849F49B}.AppStore|iPhone.Build.0 = Release|Any CPU
		{20E755CD-A455-4AC9-8551-2743D849F49B}.AppStore|iPhoneSimulator.ActiveCfg = Release|Any CPU
		{20E755CD-A455-4AC9-8551-2743D849F49B}.AppStore|iPhoneSimulator.Build.0 = Release|Any CPU
		{20E755CD-A455-4AC9-8551-2743D849F49B}.AppStore|x64.ActiveCfg = Release|Any CPU
		{20E755CD-A455-4AC9-8551-2743D849F49B}.AppStore|x64.Build.0 = Release|Any CPU
		{20E755CD-A455-4AC9-8551-2743D849F49B}.AppStore|x86.ActiveCfg = Release|Any CPU
		{20E755CD-A455-4AC9-8551-2743D849F49B}.AppStore|x86.Build.0 = Release|Any CPU
		{20E755CD-A455-4AC9-8551-2743D849F49B}.Debug|Any CPU.ActiveCfg = Debug|Any CPU
		{20E755CD-A455-4AC9-8551-2743D849F49B}.Debug|Any CPU.Build.0 = Debug|Any CPU
		{20E755CD-A455-4AC9-8551-2743D849F49B}.Debug|ARM.ActiveCfg = Debug|Any CPU
		{20E755CD-A455-4AC9-8551-2743D849F49B}.Debug|ARM.Build.0 = Debug|Any CPU
		{20E755CD-A455-4AC9-8551-2743D849F49B}.Debug|iPhone.ActiveCfg = Debug|Any CPU
		{20E755CD-A455-4AC9-8551-2743D849F49B}.Debug|iPhone.Build.0 = Debug|Any CPU
		{20E755CD-A455-4AC9-8551-2743D849F49B}.Debug|iPhoneSimulator.ActiveCfg = Debug|Any CPU
		{20E755CD-A455-4AC9-8551-2743D849F49B}.Debug|iPhoneSimulator.Build.0 = Debug|Any CPU
		{20E755CD-A455-4AC9-8551-2743D849F49B}.Debug|x64.ActiveCfg = Debug|Any CPU
		{20E755CD-A455-4AC9-8551-2743D849F49B}.Debug|x64.Build.0 = Debug|Any CPU
		{20E755CD-A455-4AC9-8551-2743D849F49B}.Debug|x86.ActiveCfg = Debug|Any CPU
		{20E755CD-A455-4AC9-8551-2743D849F49B}.Debug|x86.Build.0 = Debug|Any CPU
		{20E755CD-A455-4AC9-8551-2743D849F49B}.Release|Any CPU.ActiveCfg = Release|Any CPU
		{20E755CD-A455-4AC9-8551-2743D849F49B}.Release|Any CPU.Build.0 = Release|Any CPU
		{20E755CD-A455-4AC9-8551-2743D849F49B}.Release|ARM.ActiveCfg = Release|Any CPU
		{20E755CD-A455-4AC9-8551-2743D849F49B}.Release|ARM.Build.0 = Release|Any CPU
		{20E755CD-A455-4AC9-8551-2743D849F49B}.Release|iPhone.ActiveCfg = Release|Any CPU
		{20E755CD-A455-4AC9-8551-2743D849F49B}.Release|iPhone.Build.0 = Release|Any CPU
		{20E755CD-A455-4AC9-8551-2743D849F49B}.Release|iPhoneSimulator.ActiveCfg = Release|Any CPU
		{20E755CD-A455-4AC9-8551-2743D849F49B}.Release|iPhoneSimulator.Build.0 = Release|Any CPU
		{20E755CD-A455-4AC9-8551-2743D849F49B}.Release|x64.ActiveCfg = Release|Any CPU
		{20E755CD-A455-4AC9-8551-2743D849F49B}.Release|x64.Build.0 = Release|Any CPU
		{20E755CD-A455-4AC9-8551-2743D849F49B}.Release|x86.ActiveCfg = Release|Any CPU
		{20E755CD-A455-4AC9-8551-2743D849F49B}.Release|x86.Build.0 = Release|Any CPU
		{003A9A9F-C7EF-4764-BF84-D6D25B418CF8}.Ad-Hoc|Any CPU.ActiveCfg = Release|x86
		{003A9A9F-C7EF-4764-BF84-D6D25B418CF8}.Ad-Hoc|Any CPU.Build.0 = Release|x86
		{003A9A9F-C7EF-4764-BF84-D6D25B418CF8}.Ad-Hoc|Any CPU.Deploy.0 = Release|x86
		{003A9A9F-C7EF-4764-BF84-D6D25B418CF8}.Ad-Hoc|ARM.ActiveCfg = Release|ARM
		{003A9A9F-C7EF-4764-BF84-D6D25B418CF8}.Ad-Hoc|ARM.Build.0 = Release|ARM
		{003A9A9F-C7EF-4764-BF84-D6D25B418CF8}.Ad-Hoc|ARM.Deploy.0 = Release|ARM
		{003A9A9F-C7EF-4764-BF84-D6D25B418CF8}.Ad-Hoc|iPhone.ActiveCfg = Release|x86
		{003A9A9F-C7EF-4764-BF84-D6D25B418CF8}.Ad-Hoc|iPhone.Build.0 = Release|x86
		{003A9A9F-C7EF-4764-BF84-D6D25B418CF8}.Ad-Hoc|iPhone.Deploy.0 = Release|x86
		{003A9A9F-C7EF-4764-BF84-D6D25B418CF8}.Ad-Hoc|iPhoneSimulator.ActiveCfg = Release|x86
		{003A9A9F-C7EF-4764-BF84-D6D25B418CF8}.Ad-Hoc|iPhoneSimulator.Build.0 = Release|x86
		{003A9A9F-C7EF-4764-BF84-D6D25B418CF8}.Ad-Hoc|iPhoneSimulator.Deploy.0 = Release|x86
		{003A9A9F-C7EF-4764-BF84-D6D25B418CF8}.Ad-Hoc|x64.ActiveCfg = Release|x64
		{003A9A9F-C7EF-4764-BF84-D6D25B418CF8}.Ad-Hoc|x64.Build.0 = Release|x64
		{003A9A9F-C7EF-4764-BF84-D6D25B418CF8}.Ad-Hoc|x64.Deploy.0 = Release|x64
		{003A9A9F-C7EF-4764-BF84-D6D25B418CF8}.Ad-Hoc|x86.ActiveCfg = Release|x86
		{003A9A9F-C7EF-4764-BF84-D6D25B418CF8}.Ad-Hoc|x86.Build.0 = Release|x86
		{003A9A9F-C7EF-4764-BF84-D6D25B418CF8}.Ad-Hoc|x86.Deploy.0 = Release|x86
		{003A9A9F-C7EF-4764-BF84-D6D25B418CF8}.AppStore|Any CPU.ActiveCfg = Release|x86
		{003A9A9F-C7EF-4764-BF84-D6D25B418CF8}.AppStore|Any CPU.Build.0 = Release|x86
		{003A9A9F-C7EF-4764-BF84-D6D25B418CF8}.AppStore|Any CPU.Deploy.0 = Release|x86
		{003A9A9F-C7EF-4764-BF84-D6D25B418CF8}.AppStore|ARM.ActiveCfg = Release|ARM
		{003A9A9F-C7EF-4764-BF84-D6D25B418CF8}.AppStore|ARM.Build.0 = Release|ARM
		{003A9A9F-C7EF-4764-BF84-D6D25B418CF8}.AppStore|ARM.Deploy.0 = Release|ARM
		{003A9A9F-C7EF-4764-BF84-D6D25B418CF8}.AppStore|iPhone.ActiveCfg = Release|x86
		{003A9A9F-C7EF-4764-BF84-D6D25B418CF8}.AppStore|iPhone.Build.0 = Release|x86
		{003A9A9F-C7EF-4764-BF84-D6D25B418CF8}.AppStore|iPhone.Deploy.0 = Release|x86
		{003A9A9F-C7EF-4764-BF84-D6D25B418CF8}.AppStore|iPhoneSimulator.ActiveCfg = Release|x86
		{003A9A9F-C7EF-4764-BF84-D6D25B418CF8}.AppStore|iPhoneSimulator.Build.0 = Release|x86
		{003A9A9F-C7EF-4764-BF84-D6D25B418CF8}.AppStore|iPhoneSimulator.Deploy.0 = Release|x86
		{003A9A9F-C7EF-4764-BF84-D6D25B418CF8}.AppStore|x64.ActiveCfg = Release|x64
		{003A9A9F-C7EF-4764-BF84-D6D25B418CF8}.AppStore|x64.Build.0 = Release|x64
		{003A9A9F-C7EF-4764-BF84-D6D25B418CF8}.AppStore|x64.Deploy.0 = Release|x64
		{003A9A9F-C7EF-4764-BF84-D6D25B418CF8}.AppStore|x86.ActiveCfg = Release|x86
		{003A9A9F-C7EF-4764-BF84-D6D25B418CF8}.AppStore|x86.Build.0 = Release|x86
		{003A9A9F-C7EF-4764-BF84-D6D25B418CF8}.AppStore|x86.Deploy.0 = Release|x86
		{003A9A9F-C7EF-4764-BF84-D6D25B418CF8}.Debug|Any CPU.ActiveCfg = Debug|x86
		{003A9A9F-C7EF-4764-BF84-D6D25B418CF8}.Debug|ARM.ActiveCfg = Debug|ARM
		{003A9A9F-C7EF-4764-BF84-D6D25B418CF8}.Debug|ARM.Build.0 = Debug|ARM
		{003A9A9F-C7EF-4764-BF84-D6D25B418CF8}.Debug|ARM.Deploy.0 = Debug|ARM
		{003A9A9F-C7EF-4764-BF84-D6D25B418CF8}.Debug|iPhone.ActiveCfg = Debug|x86
		{003A9A9F-C7EF-4764-BF84-D6D25B418CF8}.Debug|iPhoneSimulator.ActiveCfg = Debug|x86
		{003A9A9F-C7EF-4764-BF84-D6D25B418CF8}.Debug|x64.ActiveCfg = Debug|x64
		{003A9A9F-C7EF-4764-BF84-D6D25B418CF8}.Debug|x64.Build.0 = Debug|x64
		{003A9A9F-C7EF-4764-BF84-D6D25B418CF8}.Debug|x64.Deploy.0 = Debug|x64
		{003A9A9F-C7EF-4764-BF84-D6D25B418CF8}.Debug|x86.ActiveCfg = Debug|x86
		{003A9A9F-C7EF-4764-BF84-D6D25B418CF8}.Debug|x86.Build.0 = Debug|x86
		{003A9A9F-C7EF-4764-BF84-D6D25B418CF8}.Debug|x86.Deploy.0 = Debug|x86
		{003A9A9F-C7EF-4764-BF84-D6D25B418CF8}.Release|Any CPU.ActiveCfg = Release|x86
		{003A9A9F-C7EF-4764-BF84-D6D25B418CF8}.Release|ARM.ActiveCfg = Release|ARM
		{003A9A9F-C7EF-4764-BF84-D6D25B418CF8}.Release|ARM.Build.0 = Release|ARM
		{003A9A9F-C7EF-4764-BF84-D6D25B418CF8}.Release|ARM.Deploy.0 = Release|ARM
		{003A9A9F-C7EF-4764-BF84-D6D25B418CF8}.Release|iPhone.ActiveCfg = Release|x86
		{003A9A9F-C7EF-4764-BF84-D6D25B418CF8}.Release|iPhoneSimulator.ActiveCfg = Release|x86
		{003A9A9F-C7EF-4764-BF84-D6D25B418CF8}.Release|x64.ActiveCfg = Release|x64
		{003A9A9F-C7EF-4764-BF84-D6D25B418CF8}.Release|x64.Build.0 = Release|x64
		{003A9A9F-C7EF-4764-BF84-D6D25B418CF8}.Release|x64.Deploy.0 = Release|x64
		{003A9A9F-C7EF-4764-BF84-D6D25B418CF8}.Release|x86.ActiveCfg = Release|x86
		{003A9A9F-C7EF-4764-BF84-D6D25B418CF8}.Release|x86.Build.0 = Release|x86
		{003A9A9F-C7EF-4764-BF84-D6D25B418CF8}.Release|x86.Deploy.0 = Release|x86
		{17C775C2-63DF-4B98-89D1-AB1ACC524539}.Ad-Hoc|Any CPU.ActiveCfg = Ad-Hoc|iPhone
		{17C775C2-63DF-4B98-89D1-AB1ACC524539}.Ad-Hoc|ARM.ActiveCfg = Ad-Hoc|iPhone
		{17C775C2-63DF-4B98-89D1-AB1ACC524539}.Ad-Hoc|iPhone.ActiveCfg = Ad-Hoc|iPhone
		{17C775C2-63DF-4B98-89D1-AB1ACC524539}.Ad-Hoc|iPhone.Build.0 = Ad-Hoc|iPhone
		{17C775C2-63DF-4B98-89D1-AB1ACC524539}.Ad-Hoc|iPhoneSimulator.ActiveCfg = Ad-Hoc|iPhoneSimulator
		{17C775C2-63DF-4B98-89D1-AB1ACC524539}.Ad-Hoc|iPhoneSimulator.Build.0 = Ad-Hoc|iPhoneSimulator
		{17C775C2-63DF-4B98-89D1-AB1ACC524539}.Ad-Hoc|x64.ActiveCfg = Ad-Hoc|iPhone
		{17C775C2-63DF-4B98-89D1-AB1ACC524539}.Ad-Hoc|x86.ActiveCfg = Ad-Hoc|iPhone
		{17C775C2-63DF-4B98-89D1-AB1ACC524539}.AppStore|Any CPU.ActiveCfg = AppStore|iPhone
		{17C775C2-63DF-4B98-89D1-AB1ACC524539}.AppStore|ARM.ActiveCfg = AppStore|iPhone
		{17C775C2-63DF-4B98-89D1-AB1ACC524539}.AppStore|iPhone.ActiveCfg = AppStore|iPhone
		{17C775C2-63DF-4B98-89D1-AB1ACC524539}.AppStore|iPhone.Build.0 = AppStore|iPhone
		{17C775C2-63DF-4B98-89D1-AB1ACC524539}.AppStore|iPhoneSimulator.ActiveCfg = AppStore|iPhoneSimulator
		{17C775C2-63DF-4B98-89D1-AB1ACC524539}.AppStore|iPhoneSimulator.Build.0 = AppStore|iPhoneSimulator
		{17C775C2-63DF-4B98-89D1-AB1ACC524539}.AppStore|x64.ActiveCfg = AppStore|iPhone
		{17C775C2-63DF-4B98-89D1-AB1ACC524539}.AppStore|x86.ActiveCfg = AppStore|iPhone
		{17C775C2-63DF-4B98-89D1-AB1ACC524539}.Debug|Any CPU.ActiveCfg = Debug|iPhone
		{17C775C2-63DF-4B98-89D1-AB1ACC524539}.Debug|ARM.ActiveCfg = Debug|iPhone
		{17C775C2-63DF-4B98-89D1-AB1ACC524539}.Debug|iPhone.ActiveCfg = Debug|iPhone
		{17C775C2-63DF-4B98-89D1-AB1ACC524539}.Debug|iPhone.Build.0 = Debug|iPhone
		{17C775C2-63DF-4B98-89D1-AB1ACC524539}.Debug|iPhoneSimulator.ActiveCfg = Debug|iPhoneSimulator
		{17C775C2-63DF-4B98-89D1-AB1ACC524539}.Debug|iPhoneSimulator.Build.0 = Debug|iPhoneSimulator
		{17C775C2-63DF-4B98-89D1-AB1ACC524539}.Debug|x64.ActiveCfg = Debug|iPhone
		{17C775C2-63DF-4B98-89D1-AB1ACC524539}.Debug|x86.ActiveCfg = Debug|iPhone
		{17C775C2-63DF-4B98-89D1-AB1ACC524539}.Release|Any CPU.ActiveCfg = Release|iPhone
		{17C775C2-63DF-4B98-89D1-AB1ACC524539}.Release|ARM.ActiveCfg = Release|iPhone
		{17C775C2-63DF-4B98-89D1-AB1ACC524539}.Release|iPhone.ActiveCfg = Release|iPhone
		{17C775C2-63DF-4B98-89D1-AB1ACC524539}.Release|iPhone.Build.0 = Release|iPhone
		{17C775C2-63DF-4B98-89D1-AB1ACC524539}.Release|iPhoneSimulator.ActiveCfg = Release|iPhoneSimulator
		{17C775C2-63DF-4B98-89D1-AB1ACC524539}.Release|iPhoneSimulator.Build.0 = Release|iPhoneSimulator
		{17C775C2-63DF-4B98-89D1-AB1ACC524539}.Release|x64.ActiveCfg = Release|iPhone
		{17C775C2-63DF-4B98-89D1-AB1ACC524539}.Release|x86.ActiveCfg = Release|iPhone
	EndGlobalSection
	GlobalSection(SolutionProperties) = preSolution
		HideSolutionNode = FALSE
	EndGlobalSection
	GlobalSection(ExtensibilityGlobals) = postSolution
		SolutionGuid = {ECE68C75-917B-4711-B23A-5CBF69E10249}
	EndGlobalSection
EndGlobal
